
Microsoft Visual Studio Solution File, Format Version 12.00
# Visual Studio 14
VisualStudioVersion = 14.0.25123.0
MinimumVisualStudioVersion = 10.0.40219.1
Project("{FAE04EC0-301F-11D3-BF4B-00C04F79EFBC}") = "SportsStore.Domain", "SportsStore.Domain\SportsStore.Domain.csproj", "{74ED7167-DE37-4E2D-9917-8DD7BD2FEBBB}"
EndProject
Project("{FAE04EC0-301F-11D3-BF4B-00C04F79EFBC}") = "SportsStore.WebUI", "SportsStore.WebUI\SportsStore.WebUI.csproj", "{AAA7E31E-CF2B-46A7-8477-515323028A4E}"
EndProject
Project("{FAE04EC0-301F-11D3-BF4B-00C04F79EFBC}") = "SportsStore.UnitTests", "SportsStore.UnitTests\SportsStore.UnitTests.csproj", "{B7100CBC-5F1E-4AAA-82D6-8F7A4F411685}"
EndProject
Global
	GlobalSection(SolutionConfigurationPlatforms) = preSolution
		Debug|Any CPU = Debug|Any CPU
		Release|Any CPU = Release|Any CPU
	EndGlobalSection
	GlobalSection(ProjectConfigurationPlatforms) = postSolution
		{74ED7167-DE37-4E2D-9917-8DD7BD2FEBBB}.Debug|Any CPU.ActiveCfg = Debug|Any CPU
		{74ED7167-DE37-4E2D-9917-8DD7BD2FEBBB}.Debug|Any CPU.Build.0 = Debug|Any CPU
		{74ED7167-DE37-4E2D-9917-8DD7BD2FEBBB}.Release|Any CPU.ActiveCfg = Release|Any CPU
		{74ED7167-DE37-4E2D-9917-8DD7BD2FEBBB}.Release|Any CPU.Build.0 = Release|Any CPU
		{AAA7E31E-CF2B-46A7-8477-515323028A4E}.Debug|Any CPU.ActiveCfg = Debug|Any CPU
		{AAA7E31E-CF2B-46A7-8477-515323028A4E}.Debug|Any CPU.Build.0 = Debug|Any CPU
		{AAA7E31E-CF2B-46A7-8477-515323028A4E}.Release|Any CPU.ActiveCfg = Release|Any CPU
		{AAA7E31E-CF2B-46A7-8477-515323028A4E}.Release|Any CPU.Build.0 = Release|Any CPU
		{B7100CBC-5F1E-4AAA-82D6-8F7A4F411685}.Debug|Any CPU.ActiveCfg = Debug|Any CPU
		{B7100CBC-5F1E-4AAA-82D6-8F7A4F411685}.Debug|Any CPU.Build.0 = Debug|Any CPU
		{B7100CBC-5F1E-4AAA-82D6-8F7A4F411685}.Release|Any CPU.ActiveCfg = Release|Any CPU
		{B7100CBC-5F1E-4AAA-82D6-8F7A4F411685}.Release|Any CPU.Build.0 = Release|Any CPU
	EndGlobalSection
	GlobalSection(SolutionProperties) = preSolution
		HideSolutionNode = FALSE
	EndGlobalSection
EndGlobal
